{
  "name": "stimulus-js",
  "lockfileVersion": 2,
  "requires": true,
  "packages": {
    "": {
      "name": "stimulus-js",
      "license": "MIT",
      "dependencies": {
        "@hotwired/stimulus": "^3.0.1",
        "esbuild": "^0.14.10"
      },
      "engines": {
        "node": "16.x",
        "yarn": "1.22.x"
      }
    },
    "node_modules/@hotwired/stimulus": {
      "version": "3.0.1",
      "license": "MIT"
    },
    "node_modules/esbuild": {
      "version": "0.14.10",
      "hasInstallScript": true,
      "license": "MIT",
      "bin": {
        "esbuild": "bin/esbuild"
      },
      "optionalDependencies": {
        "esbuild-android-arm64": "0.14.10",
        "esbuild-darwin-64": "0.14.10",
        "esbuild-darwin-arm64": "0.14.10",
        "esbuild-freebsd-64": "0.14.10",
        "esbuild-freebsd-arm64": "0.14.10",
        "esbuild-linux-32": "0.14.10",
        "esbuild-linux-64": "0.14.10",
        "esbuild-linux-arm": "0.14.10",
        "esbuild-linux-arm64": "0.14.10",
        "esbuild-linux-mips64le": "0.14.10",
        "esbuild-linux-ppc64le": "0.14.10",
        "esbuild-linux-s390x": "0.14.10",
        "esbuild-netbsd-64": "0.14.10",
        "esbuild-openbsd-64": "0.14.10",
        "esbuild-sunos-64": "0.14.10",
        "esbuild-windows-32": "0.14.10",
        "esbuild-windows-64": "0.14.10",
        "esbuild-windows-arm64": "0.14.10"
      }
    },
    "node_modules/esbuild-linux-64": {
      "version": "0.14.10",
      "cpu": [
        "x64"
      ],
      "license": "MIT",
      "optional": true,
      "os": [
        "linux"
      ]
    }
  },
  "dependencies": {
    "@hotwired/stimulus": {
      "version": "3.0.1"
    },
    "esbuild": {
      "version": "0.14.10",
      "requires": {
        "esbuild-android-arm64": "0.14.10",
        "esbuild-darwin-64": "0.14.10",
        "esbuild-darwin-arm64": "0.14.10",
        "esbuild-freebsd-64": "0.14.10",
        "esbuild-freebsd-arm64": "0.14.10",
        "esbuild-linux-32": "0.14.10",
        "esbuild-linux-64": "0.14.10",
        "esbuild-linux-arm": "0.14.10",
        "esbuild-linux-arm64": "0.14.10",
        "esbuild-linux-mips64le": "0.14.10",
        "esbuild-linux-ppc64le": "0.14.10",
        "esbuild-linux-s390x": "0.14.10",
        "esbuild-netbsd-64": "0.14.10",
        "esbuild-openbsd-64": "0.14.10",
        "esbuild-sunos-64": "0.14.10",
        "esbuild-windows-32": "0.14.10",
        "esbuild-windows-64": "0.14.10",
        "esbuild-windows-arm64": "0.14.10"
      }
    },
    "esbuild-linux-64": {
      "version": "0.14.10",
      "optional": true
    }
  }
}
